Microsoft Visual Studio Solution File, Format Version 11.00
# Visual Studio 2008

Project("{B16417E0-DD32-DD05-36AD-42AC48594C8D}") = "Gegeje Final", "Assembly-CSharp-vs.csproj", "{7E6C3B23-6C79-4101-C28B-1F050C4C8ED4}"
EndProject
Global
	GlobalSection(SolutionConfigurationPlatforms) = preSolution
		Debug|Any CPU = Debug|Any CPU
		Release|Any CPU = Release|Any CPU
	EndGlobalSection
	GlobalSection(ProjectConfigurationPlatforms) = postSolution
		{7E6C3B23-6C79-4101-C28B-1F050C4C8ED4}.Debug|Any CPU.ActiveCfg = Debug|Any CPU
		{7E6C3B23-6C79-4101-C28B-1F050C4C8ED4}.Debug|Any CPU.Build.0 = Debug|Any CPU
		{7E6C3B23-6C79-4101-C28B-1F050C4C8ED4}.Release|Any CPU.ActiveCfg = Release|Any CPU
		{7E6C3B23-6C79-4101-C28B-1F050C4C8ED4}.Release|Any CPU.Build.0 = Release|Any CPU
	EndGlobalSection
	GlobalSection(SolutionProperties) = preSolution
		HideSolutionNode = FALSE
	EndGlobalSection
																								GlobalSection(MonoDevelopProperties) = preSolution
		StartupItem = Assembly-CSharp.csproj
		Policies = $0
		$0.TextStylePolicy = $1
		$1.inheritsSet = null
		$1.scope = text/x-csharp
		$0.CSharpFormattingPolicy = $2
		$2.inheritsSet = Mono
		$2.inheritsScope = text/x-csharp
		$2.scope = text/x-csharp
		$0.TextStylePolicy = $3
		$3.FileWidth = 120
		$3.TabWidth = 4
		$3.EolMarker = Unix
		$3.inheritsSet = Mono
		$3.inheritsScope = text/plain
		$3.scope = text/plain
	EndGlobalSection

EndGlobal
